// !$*UTF8*$!
{
	archiveVersion = 1;
	classes = {
	};
	objectVersion = 46;
	objects = {

/* Begin PBXBuildFile section */
		326FD6551E1DFECF00FC54D8 /* SwiftyJSON.swift in Sources */ = {isa = PBXBuildFile; fileRef = 326FD6541E1DFECF00FC54D8 /* SwiftyJSON.swift */; };
		326FD6571E1E005A00FC54D8 /* data.json in Resources */ = {isa = PBXBuildFile; fileRef = 326FD6561E1E005A00FC54D8 /* data.json */; };
		329A2E8A1E07FBBD00C32115 /* AppDelegate.swift in Sources */ = {isa = PBXBuildFile; fileRef = 329A2E891E07FBBD00C32115 /* AppDelegate.swift */; };
		329A2E8C1E07FBBD00C32115 /* ViewController.swift in Sources */ = {isa = PBXBuildFile; fileRef = 329A2E8B1E07FBBD00C32115 /* ViewController.swift */; };
		329A2E8F1E07FBBD00C32115 /* Main.storyboard in Resources */ = {isa = PBXBuildFile; fileRef = 329A2E8D1E07FBBD00C32115 /* Main.storyboard */; };
		329A2E911E07FBBD00C32115 /* Assets.xcassets in Resources */ = {isa = PBXBuildFile; fileRef = 329A2E901E07FBBD00C32115 /* Assets.xcassets */; };
		329A2E941E07FBBD00C32115 /* LaunchScreen.storyboard in Resources */ = {isa = PBXBuildFile; fileRef = 329A2E921E07FBBD00C32115 /* LaunchScreen.storyboard */; };
		4DB1108188CFB41710807CA4 /* Pods_test.framework in Frameworks */ = {isa = PBXBuildFile; fileRef = 9676168F415D760E735C48C6 /* Pods_test.framework */; };
/* End PBXBuildFile section */

/* Begin PBXFileReference section */
		326FD6541E1DFECF00FC54D8 /* SwiftyJSON.swift */ = {isa = PBXFileReference; fileEncoding = 4; lastKnownFileType = sourcecode.swift; name = SwiftyJSON.swift; path = ../SwiftyJSON.swift; sourceTree = "<group>"; };
		326FD6561E1E005A00FC54D8 /* data.json */ = {isa = PBXFileReference; fileEncoding = 4; lastKnownFileType = text.json; path = data.json; sourceTree = "<group>"; };
		329A2E861E07FBBD00C32115 /* test.app */ = {isa = PBXFileReference; explicitFileType = wrapper.application; includeInIndex = 0; path = test.app; sourceTree = BUILT_PRODUCTS_DIR; };
		329A2E891E07FBBD00C32115 /* AppDelegate.swift */ = {isa = PBXFileReference; lastKnownFileType = sourcecode.swift; path = AppDelegate.swift; sourceTree = "<group>"; };
		329A2E8B1E07FBBD00C32115 /* ViewController.swift */ = {isa = PBXFileReference; lastKnownFileType = sourcecode.swift; path = ViewController.swift; sourceTree = "<group>"; };
		329A2E8E1E07FBBD00C32115 /* Base */ = {isa = PBXFileReference; lastKnownFileType = file.storyboard; name = Base; path = Base.lproj/Main.storyboard; sourceTree = "<group>"; };
		329A2E901E07FBBD00C32115 /* Assets.xcassets */ = {isa = PBXFileReference; lastKnownFileType = folder.assetcatalog; path = Assets.xcassets; sourceTree = "<group>"; };
		329A2E931E07FBBD00C32115 /* Base */ = {isa = PBXFileReference; lastKnownFileType = file.storyboard; name = Base; path = Base.lproj/LaunchScreen.storyboard; sourceTree = "<group>"; };
		329A2E951E07FBBD00C32115 /* Info.plist */ = {isa = PBXFileReference; lastKnownFileType = text.plist.xml; path = Info.plist; sourceTree = "<group>"; };
		8EA80E7988211FE8A5776687 /* Pods-test.debug.xcconfig */ = {isa = PBXFileReference; includeInIndex = 1; lastKnownFileType = text.xcconfig; name = "Pods-test.debug.xcconfig"; path = "Pods/Target Support Files/Pods-test/Pods-test.debug.xcconfig"; sourceTree = "<group>"; };
		94474540F3D95B28DBA47AFF /* Pods-test.release.xcconfig */ = {isa = PBXFileReference; includeInIndex = 1; lastKnownFileType = text.xcconfig; name = "Pods-test.release.xcconfig"; path = "Pods/Target Support Files/Pods-test/Pods-test.release.xcconfig"; sourceTree = "<group>"; };
		9676168F415D760E735C48C6 /* Pods_test.framework */ = {isa = PBXFileReference; explicitFileType = wrapper.framework; includeInIndex = 0; path = Pods_test.framework; sourceTree = BUILT_PRODUCTS_DIR; };
/* End PBXFileReference section */

/* Begin PBXFrameworksBuildPhase section */
		329A2E831E07FBBD00C32115 /* Frameworks */ = {
			isa = PBXFrameworksBuildPhase;
			buildActionMask = 2147483647;
			files = (
				4DB1108188CFB41710807CA4 /* Pods_test.framework in Frameworks */,
			);
			runOnlyForDeploymentPostprocessing = 0;
		};
/* End PBXFrameworksBuildPhase section */

/* Begin PBXGroup section */
		329A2E7D1E07FBBD00C32115 = {
			isa = PBXGroup;
			children = (
				329A2E881E07FBBD00C32115 /* test */,
				329A2E871E07FBBD00C32115 /* Products */,
				E0788C444D85763D997FE67E /* Pods */,
				E929A48BD9C4A406DCF33C2D /* Frameworks */,
			);
			sourceTree = "<group>";
		};
		329A2E871E07FBBD00C32115 /* Products */ = {
			isa = PBXGroup;
			children = (
				329A2E861E07FBBD00C32115 /* test.app */,
			);
			name = Products;
			sourceTree = "<group>";
		};
		329A2E881E07FBBD00C32115 /* test */ = {
			isa = PBXGroup;
			children = (
				326FD6541E1DFECF00FC54D8 /* SwiftyJSON.swift */,
				329A2E891E07FBBD00C32115 /* AppDelegate.swift */,
				329A2E8B1E07FBBD00C32115 /* ViewController.swift */,
				329A2E8D1E07FBBD00C32115 /* Main.storyboard */,
				329A2E901E07FBBD00C32115 /* Assets.xcassets */,
				329A2E921E07FBBD00C32115 /* LaunchScreen.storyboard */,
				329A2E951E07FBBD00C32115 /* Info.plist */,
				326FD6561E1E005A00FC54D8 /* data.json */,
			);
			path = test;
			sourceTree = "<group>";
		};
		E0788C444D85763D997FE67E /* Pods */ = {
			isa = PBXGroup;
			children = (
				8EA80E7988211FE8A5776687 /* Pods-test.debug.xcconfig */,
				94474540F3D95B28DBA47AFF /* Pods-test.release.xcconfig */,
			);
			name = Pods;
			sourceTree = "<group>";
		};
		E929A48BD9C4A406DCF33C2D /* Frameworks */ = {
			isa = PBXGroup;
			children = (
				9676168F415D760E735C48C6 /* Pods_test.framework */,
			);
			name = Frameworks;
			sourceTree = "<group>";
		};
/* End PBXGroup section */

/* Begin PBXNativeTarget section */
		329A2E851E07FBBD00C32115 /* test */ = {
			isa = PBXNativeTarget;
			buildConfigurationList = 329A2E981E07FBBD00C32115 /* Build configuration list for PBXNativeTarget "test" */;
			buildPhases = (
				672820982C87E764BEC0D474 /* [CP] Check Pods Manifest.lock */,
				329A2E821E07FBBD00C32115 /* Sources */,
				329A2E831E07FBBD00C32115 /* Frameworks */,
				329A2E841E07FBBD00C32115 /* Resources */,
				60B354231FED20619DB1C313 /* [CP] Embed Pods Frameworks */,
				F6BE4BB0CFB0FAB3E76637CE /* [CP] Copy Pods Resources */,
			);
			buildRules = (
			);
			dependencies = (
			);
			name = test;
			productName = test;
			productReference = 329A2E861E07FBBD00C32115 /* test.app */;
			productType = "com.apple.product-type.application";
		};
/* End PBXNativeTarget section */

/* Begin PBXProject section */
		329A2E7E1E07FBBD00C32115 /* Project object */ = {
			isa = PBXProject;
			attributes = {
				LastSwiftUpdateCheck = 0810;
				LastUpgradeCheck = 0810;
				ORGANIZATIONNAME = mhtran;
				TargetAttributes = {
					329A2E851E07FBBD00C32115 = {
						CreatedOnToolsVersion = 8.1;
						DevelopmentTeam = M9SP5CGKG3;
						ProvisioningStyle = Automatic;
					};
				};
			};
			buildConfigurationList = 329A2E811E07FBBD00C32115 /* Build configuration list for PBXProject "test" */;
			compatibilityVersion = "Xcode 3.2";
			developmentRegion = English;
			hasScannedForEncodings = 0;
			knownRegions = (
				en,
				Base,
			);
			mainGroup = 329A2E7D1E07FBBD00C32115;
			productRefGroup = 329A2E871E07FBBD00C32115 /* Products */;
			projectDirPath = "";
			projectRoot = "";
			targets = (
				329A2E851E07FBBD00C32115 /* test */,
			);
		};
/* End PBXProject section */

/* Begin PBXResourcesBuildPhase section */
		329A2E841E07FBBD00C32115 /* Resources */ = {
			isa = PBXResourcesBuildPhase;
			buildActionMask = 2147483647;
			files = (
				329A2E941E07FBBD00C32115 /* LaunchScreen.storyboard in Resources */,
				329A2E911E07FBBD00C32115 /* Assets.xcassets in Resources */,
				329A2E8F1E07FBBD00C32115 /* Main.storyboard in Resources */,
				326FD6571E1E005A00FC54D8 /* data.json in Resources */,
			);
			runOnlyForDeploymentPostprocessing = 0;
		};
/* End PBXResourcesBuildPhase section */

/* Begin PBXShellScriptBuildPhase section */
		60B354231FED20619DB1C313 /* [CP] Embed Pods Frameworks */ = {
			isa = PBXShellScriptBuildPhase;
			buildActionMask = 2147483647;
			files = (
			);
			inputPaths = (
			);
			name = "[CP] Embed Pods Frameworks";
			outputPaths = (
			);
			runOnlyForDeploymentPostprocessing = 0;
			shellPath = /bin/sh;
			shellScript = "\"${SRCROOT}/Pods/Target Support Files/Pods-test/Pods-test-frameworks.sh\"\n";
			showEnvVarsInLog = 0;
		};
		672820982C87E764BEC0D474 /* [CP] Check Pods Manifest.lock */ = {
			isa = PBXShellScriptBuildPhase;
			buildActionMask = 2147483647;
			files = (
			);
			inputPaths = (
			);
			name = "[CP] Check Pods Manifest.lock";
			outputPaths = (
			);
			runOnlyForDeploymentPostprocessing = 0;
			shellPath = /bin/sh;
			shellScript = "diff \"${PODS_ROOT}/../Podfile.lock\" \"${PODS_ROOT}/Manifest.lock\" > /dev/null\nif [ $? != 0 ] ; then\n    # print error to STDERR\n    echo \"error: The sandbox is not in sync with the Podfile.lock. Run 'pod install' or update your CocoaPods installation.\" >&2\n    exit 1\nfi\n";
			showEnvVarsInLog = 0;
		};
		F6BE4BB0CFB0FAB3E76637CE /* [CP] Copy Pods Resources */ = {
			isa = PBXShellScriptBuildPhase;
			buildActionMask = 2147483647;
			files = (
			);
			inputPaths = (
			);
			name = "[CP] Copy Pods Resources";
			outputPaths = (
			);
			runOnlyForDeploymentPostprocessing = 0;
			shellPath = /bin/sh;
			shellScript = "\"${SRCROOT}/Pods/Target Support Files/Pods-test/Pods-test-resources.sh\"\n";
			showEnvVarsInLog = 0;
		};
/* End PBXShellScriptBuildPhase section */

/* Begin PBXSourcesBuildPhase section */
		329A2E821E07FBBD00C32115 /* Sources */ = {
			isa = PBXSourcesBuildPhase;
			buildActionMask = 2147483647;
			files = (
				326FD6551E1DFECF00FC54D8 /* SwiftyJSON.swift in Sources */,
				329A2E8C1E07FBBD00C32115 /* ViewController.swift in Sources */,
				329A2E8A1E07FBBD00C32115 /* AppDelegate.swift in Sources */,
			);
			runOnlyForDeploymentPostprocessing = 0;
		};
/* End PBXSourcesBuildPhase section */

/* Begin PBXVariantGroup section */
		329A2E8D1E07FBBD00C32115 /* Main.storyboard */ = {
			isa = PBXVariantGroup;
			children = (
				329A2E8E1E07FBBD00C32115 /* Base */,
			);
			name = Main.storyboard;
			sourceTree = "<group>";
		};
		329A2E921E07FBBD00C32115 /* LaunchScreen.storyboard */ = {
			isa = PBXVariantGroup;
			children = (
				329A2E931E07FBBD00C32115 /* Base */,
			);
			name = LaunchScreen.storyboard;
			sourceTree = "<group>";
		};
/* End PBXVariantGroup section */

/* Begin XCBuildConfiguration section */
		329A2E961E07FBBD00C32115 /* Debug */ = {
			isa = XCBuildConfiguration;
			buildSettings = {
				ALWAYS_SEARCH_USER_PATHS = NO;
				CLANG_ANALYZER_NONNULL = YES;
				CLANG_CXX_LANGUAGE_STANDARD = "gnu++0x";
				CLANG_CXX_LIBRARY = "libc++";
				CLANG_ENABLE_MODULES = YES;
				CLANG_ENABLE_OBJC_ARC = YES;
				CLANG_WARN_BOOL_CONVERSION = YES;
				CLANG_WARN_CONSTANT_CONVERSION = YES;
				CLANG_WARN_DIRECT_OBJC_ISA_USAGE = YES_ERROR;
				CLANG_WARN_DOCUMENTATION_COMMENTS = YES;
				CLANG_WARN_EMPTY_BODY = YES;
				CLANG_WARN_ENUM_CONVERSION = YES;
				CLANG_WARN_INFINITE_RECURSION = YES;
				CLANG_WARN_INT_CONVERSION = YES;
				CLANG_WARN_OBJC_ROOT_CLASS = YES_ERROR;
				CLANG_WARN_SUSPICIOUS_MOVES = YES;
				CLANG_WARN_UNREACHABLE_CODE = YES;
				CLANG_WARN__DUPLICATE_METHOD_MATCH = YES;
				"CODE_SIGN_IDENTITY[sdk=iphoneos*]" = "iPhone Developer";
				COPY_PHASE_STRIP = NO;
				DEBUG_INFORMATION_FORMAT = dwarf;
				ENABLE_STRICT_OBJC_MSGSEND = YES;
				ENABLE_TESTABILITY = YES;
				GCC_C_LANGUAGE_STANDARD = gnu99;
				GCC_DYNAMIC_NO_PIC = NO;
				GCC_NO_COMMON_BLOCKS = YES;
				GCC_OPTIMIZATION_LEVEL = 0;
				GCC_PREPROCESSOR_DEFINITIONS = (
					"DEBUG=1",
					"$(inherited)",
				);
				GCC_WARN_64_TO_32_BIT_CONVERSION = YES;
				GCC_WARN_ABOUT_RETURN_TYPE = YES_ERROR;
				GCC_WARN_UNDECLARED_SELECTOR = YES;
				GCC_WARN_UNINITIALIZED_AUTOS = YES_AGGRESSIVE;
				GCC_WARN_UNUSED_FUNCTION = YES;
				GCC_WARN_UNUSED_VARIABLE = YES;
				IPHONEOS_DEPLOYMENT_TARGET = 10.1;
				MTL_ENABLE_DEBUG_INFO = YES;
				ONLY_ACTIVE_ARCH = YES;
				SDKROOT = iphoneos;
				SWIFT_ACTIVE_COMPILATION_CONDITIONS = DEBUG;
				SWIFT_OPTIMIZATION_LEVEL = "-Onone";
				TARGETED_DEVICE_FAMILY = "1,2";
			};
			name = Debug;
		};
		329A2E971E07FBBD00C32115 /* Release */ = {
			isa = XCBuildConfiguration;
			buildSettings = {
				ALWAYS_SEARCH_USER_PATHS = NO;
				CLANG_ANALYZER_NONNULL = YES;
				CLANG_CXX_LANGUAGE_STANDARD = "gnu++0x";
				CLANG_CXX_LIBRARY = "libc++";
				CLANG_ENABLE_MODULES = YES;
				CLANG_ENABLE_OBJC_ARC = YES;
				CLANG_WARN_BOOL_CONVERSION = YES;
				CLANG_WARN_CONSTANT_CONVERSION = YES;
				CLANG_WARN_DIRECT_OBJC_ISA_USAGE = YES_ERROR;
				CLANG_WARN_DOCUMENTATION_COMMENTS = YES;
				CLANG_WARN_EMPTY_BODY = YES;
				CLANG_WARN_ENUM_CONVERSION = YES;
				CLANG_WARN_INFINITE_RECURSION = YES;
				CLANG_WARN_INT_CONVERSION = YES;
				CLANG_WARN_OBJC_ROOT_CLASS = YES_ERROR;
				CLANG_WARN_SUSPICIOUS_MOVES = YES;
				CLANG_WARN_UNREACHABLE_CODE = YES;
				CLANG_WARN__DUPLICATE_METHOD_MATCH = YES;
				"CODE_SIGN_IDENTITY[sdk=iphoneos*]" = "iPhone Developer";
				COPY_PHASE_STRIP = NO;
				DEBUG_INFORMATION_FORMAT = "dwarf-with-dsym";
				ENABLE_NS_ASSERTIONS = NO;
				ENABLE_STRICT_OBJC_MSGSEND = YES;
				GCC_C_LANGUAGE_STANDARD = gnu99;
				GCC_NO_COMMON_BLOCKS = YES;
				GCC_WARN_64_TO_32_BIT_CONVERSION = YES;
				GCC_WARN_ABOUT_RETURN_TYPE = YES_ERROR;
				GCC_WARN_UNDECLARED_SELECTOR = YES;
				GCC_WARN_UNINITIALIZED_AUTOS = YES_AGGRESSIVE;
				GCC_WARN_UNUSED_FUNCTION = YES;
				GCC_WARN_UNUSED_VARIABLE = YES;
				IPHONEOS_DEPLOYMENT_TARGET = 10.1;
				MTL_ENABLE_DEBUG_INFO = NO;
				SDKROOT = iphoneos;
				SWIFT_OPTIMIZATION_LEVEL = "-Owholemodule";
				TARGETED_DEVICE_FAMILY = "1,2";
				VALIDATE_PRODUCT = YES;
			};
			name = Release;
		};
		329A2E991E07FBBD00C32115 /* Debug */ = {
			isa = XCBuildConfiguration;
			baseConfigurationReference = 8EA80E7988211FE8A5776687 /* Pods-test.debug.xcconfig */;
			buildSettings = {
				ASSETCATALOG_COMPILER_APPICON_NAME = AppIcon;
				DEVELOPMENT_TEAM = M9SP5CGKG3;
				INFOPLIST_FILE = test/Info.plist;
				LD_RUNPATH_SEARCH_PATHS = "$(inherited) @executable_path/Frameworks";
				PRODUCT_BUNDLE_IDENTIFIER = com.hoangmanhtran.com.test;
				PRODUCT_NAME = "$(TARGET_NAME)";
				SWIFT_VERSION = 3.0;
			};
			name = Debug;
		};
		329A2E9A1E07FBBD00C32115 /* Release */ = {
			isa = XCBuildConfiguration;
			baseConfigurationReference = 94474540F3D95B28DBA47AFF /* Pods-test.release.xcconfig */;
			buildSettings = {
				ASSETCATALOG_COMPILER_APPICON_NAME = AppIcon;
				DEVELOPMENT_TEAM = M9SP5CGKG3;
				INFOPLIST_FILE = test/Info.plist;
				LD_RUNPATH_SEARCH_PATHS = "$(inherited) @executable_path/Frameworks";
				PRODUCT_BUNDLE_IDENTIFIER = com.hoangmanhtran.com.test;
				PRODUCT_NAME = "$(TARGET_NAME)";
				SWIFT_VERSION = 3.0;
			};
			name = Release;
		};
/* End XCBuildConfiguration section */

/* Begin XCConfigurationList section */
		329A2E811E07FBBD00C32115 /* Build configuration list for PBXProject "test" */ = {
			isa = XCConfigurationList;
			buildConfigurations = (
				329A2E961E07FBBD00C32115 /* Debug */,
				329A2E971E07FBBD00C32115 /* Release */,
			);
			defaultConfigurationIsVisible = 0;
			defaultConfigurationName = Release;
		};
		329A2E981E07FBBD00C32115 /* Build configuration list for PBXNativeTarget "test" */ = {
			isa = XCConfigurationList;
			buildConfigurations = (
				329A2E991E07FBBD00C32115 /* Debug */,
				329A2E9A1E07FBBD00C32115 /* Release */,
			);
			defaultConfigurationIsVisible = 0;
			defaultConfigurationName = Release;
		};
/* End XCConfigurationList section */
	};
	rootObject = 329A2E7E1E07FBBD00C32115 /* Project object */;
}
